
Microsoft Visual Studio Solution File, Format Version 12.00
# Visual Studio Version 17
VisualStudioVersion = 17.5.002.0
MinimumVisualStudioVersion = 10.0.40219.1
Project("{9A19103F-16F7-4668-BE54-9A1E7A4F7556}") = "naam", "naam.csproj", "{887D2C32-7911-406B-B490-5B38A434F4EF}"
EndProject
Global
	GlobalSection(SolutionConfigurationPlatforms) = preSolution
		Debug|Any CPU = Debug|Any CPU
		Release|Any CPU = Release|Any CPU
	EndGlobalSection
	GlobalSection(ProjectConfigurationPlatforms) = postSolution
		{887D2C32-7911-406B-B490-5B38A434F4EF}.Debug|Any CPU.ActiveCfg = Debug|Any CPU
		{887D2C32-7911-406B-B490-5B38A434F4EF}.Debug|Any CPU.Build.0 = Debug|Any CPU
		{887D2C32-7911-406B-B490-5B38A434F4EF}.Release|Any CPU.ActiveCfg = Release|Any CPU
		{887D2C32-7911-406B-B490-5B38A434F4EF}.Release|Any CPU.Build.0 = Release|Any CPU
	EndGlobalSection
	GlobalSection(SolutionProperties) = preSolution
		HideSolutionNode = FALSE
	EndGlobalSection
	GlobalSection(ExtensibilityGlobals) = postSolution
		SolutionGuid = {BBE95481-B95D-4A8A-A5D2-88A8E6906AC9}
	EndGlobalSection
EndGlobal
